devDependencies:
  '@craco/craco': 5.3.0
lockfileVersion: 5.1
packages:
  /@craco/craco/5.3.0:
    dependencies:
      cross-spawn: 6.0.5
      lodash.mergewith: 4.6.2
      webpack-merge: 4.2.1
    dev: true
    engines:
      node: '>=6'
    hasBin: true
    peerDependencies:
      react-scripts: '*'
    resolution:
      integrity: sha512-QThxeHgNRMuVNvci2gWpNTNwcY5oB5G5LHtrrZFu1YCbPR3sbH4pmGovMHmWjUkDQG3XfHRo3F4FVOkMvzEgHA==
  /cross-spawn/6.0.5:
    dependencies:
      nice-try: 1.0.5
      path-key: 2.0.1
      semver: 5.7.1
      shebang-command: 1.2.0
      which: 1.3.1
    dev: true
    engines:
      node: '>=4.8'
    resolution:
      integrity: sha512-eTVLrBSt7fjbDygz805pMnstIs2VTBNkRm0qxZd+M7A5XDdxVRWO5MxGBXZhjY4cqLYLdtrGqRf8mBPmzwSpWQ==
  /isexe/2.0.0:
    dev: true
    resolution:
      integrity: sha1-6PvzdNxVb/iUehDcsFctYz8s+hA=
  /lodash.mergewith/4.6.2:
    dev: true
    resolution:
      integrity: sha512-GK3g5RPZWTRSeLSpgP8Xhra+pnjBC56q9FZYe1d5RN3TJ35dbkGy3YqBSMbyCrlbi+CM9Z3Jk5yTL7RCsqboyQ==
  /lodash/4.17.15:
    dev: true
    resolution:
      integrity: sha512-8xOcRHvCjnocdS5cpwXQXVzmmh5e5+saE2QGoeQmbKmRS6J3VQppPOIt0MnmE+4xlZoumy0GPG0D0MVIQbNA1A==
  /nice-try/1.0.5:
    dev: true
    resolution:
      integrity: sha512-1nh45deeb5olNY7eX82BkPO7SSxR5SSYJiPTrTdFUVYwAl8CKMA5N9PjTYkHiRjisVcxcQ1HXdLhx2qxxJzLNQ==
  /path-key/2.0.1:
    dev: true
    engines:
      node: '>=4'
    resolution:
      integrity: sha1-QRyttXTFoUDTpLGRDUDYDMn0C0A=
  /semver/5.7.1:
    dev: true
    hasBin: true
    resolution:
      integrity: sha512-sauaDf/PZdVgrLTNYHRtpXa1iRiKcaebiKQ1BJdpQlWH2lCvexQdX55snPFyK7QzpudqbCI0qXFfOasHdyNDGQ==
  /shebang-command/1.2.0:
    dependencies:
      shebang-regex: 1.0.0
    dev: true
    engines:
      node: '>=0.10.0'
    resolution:
      integrity: sha1-RKrGW2lbAzmJaMOfNj/uXer98eo=
  /shebang-regex/1.0.0:
    dev: true
    engines:
      node: '>=0.10.0'
    resolution:
      integrity: sha1-2kL0l0DAtC2yypcoVxyxkMmO/qM=
  /webpack-merge/4.2.1:
    dependencies:
      lodash: 4.17.15
    dev: true
    resolution:
      integrity: sha512-4p8WQyS98bUJcCvFMbdGZyZmsKuWjWVnVHnAS3FFg0HDaRVrPbkivx2RYCre8UiemD67RsiFFLfn4JhLAin8Vw==
  /which/1.3.1:
    dependencies:
      isexe: 2.0.0
    dev: true
    hasBin: true
    resolution:
      integrity: sha512-HxJdYWq1MTIQbJ3nw0cqssHoTNU267KlrDuGZ1WYlxDStUtKUhOaJmh112/TZmHxxUfuJqPXSOm7tDyas0OSIQ==
specifiers:
  '@craco/craco': ^5.3.0
